// !$*UTF8*$!
{
	archiveVersion = 1;
	classes = {
	};
	objectVersion = 50;
	objects = {

/* Begin PBXBuildFile section */
		D27073F82434A987005206BE /* impact.ttf in Resources */ = {isa = PBXBuildFile; fileRef = D27073F72434A987005206BE /* impact.ttf */; };
		D2A5A3882429495A00ED6C18 /* AppDelegate.swift in Sources */ = {isa = PBXBuildFile; fileRef = D2A5A3872429495A00ED6C18 /* AppDelegate.swift */; };
		D2A5A38A2429495A00ED6C18 /* SceneDelegate.swift in Sources */ = {isa = PBXBuildFile; fileRef = D2A5A3892429495A00ED6C18 /* SceneDelegate.swift */; };
		D2A5A38C2429495A00ED6C18 /* ViewController.swift in Sources */ = {isa = PBXBuildFile; fileRef = D2A5A38B2429495A00ED6C18 /* ViewController.swift */; };
		D2A5A38F2429495A00ED6C18 /* Main.storyboard in Resources */ = {isa = PBXBuildFile; fileRef = D2A5A38D2429495A00ED6C18 /* Main.storyboard */; };
		D2A5A3912429495C00ED6C18 /* Assets.xcassets in Resources */ = {isa = PBXBuildFile; fileRef = D2A5A3902429495C00ED6C18 /* Assets.xcassets */; };
		D2A5A3942429495C00ED6C18 /* LaunchScreen.storyboard in Resources */ = {isa = PBXBuildFile; fileRef = D2A5A3922429495C00ED6C18 /* LaunchScreen.storyboard */; };
		D2A5A39C242A898500ED6C18 /* MemeMe.swift in Sources */ = {isa = PBXBuildFile; fileRef = D2A5A39B242A898500ED6C18 /* MemeMe.swift */; };
/* End PBXBuildFile section */

/* Begin PBXFileReference section */
		D27073F72434A987005206BE /* impact.ttf */ = {isa = PBXFileReference; lastKnownFileType = file; path = impact.ttf; sourceTree = "<group>"; };
		D2A5A3842429495A00ED6C18 /* Mememe 1.0.app */ = {isa = PBXFileReference; explicitFileType = wrapper.application; includeInIndex = 0; path = "Mememe 1.0.app"; sourceTree = BUILT_PRODUCTS_DIR; };
		D2A5A3872429495A00ED6C18 /* AppDelegate.swift */ = {isa = PBXFileReference; lastKnownFileType = sourcecode.swift; path = AppDelegate.swift; sourceTree = "<group>"; };
		D2A5A3892429495A00ED6C18 /* SceneDelegate.swift */ = {isa = PBXFileReference; lastKnownFileType = sourcecode.swift; path = SceneDelegate.swift; sourceTree = "<group>"; };
		D2A5A38B2429495A00ED6C18 /* ViewController.swift */ = {isa = PBXFileReference; lastKnownFileType = sourcecode.swift; path = ViewController.swift; sourceTree = "<group>"; };
		D2A5A38E2429495A00ED6C18 /* Base */ = {isa = PBXFileReference; lastKnownFileType = file.storyboard; name = Base; path = Base.lproj/Main.storyboard; sourceTree = "<group>"; };
		D2A5A3902429495C00ED6C18 /* Assets.xcassets */ = {isa = PBXFileReference; lastKnownFileType = folder.assetcatalog; path = Assets.xcassets; sourceTree = "<group>"; };
		D2A5A3932429495C00ED6C18 /* Base */ = {isa = PBXFileReference; lastKnownFileType = file.storyboard; name = Base; path = Base.lproj/LaunchScreen.storyboard; sourceTree = "<group>"; };
		D2A5A3952429495C00ED6C18 /* Info.plist */ = {isa = PBXFileReference; lastKnownFileType = text.plist.xml; path = Info.plist; sourceTree = "<group>"; };
		D2A5A39B242A898500ED6C18 /* MemeMe.swift */ = {isa = PBXFileReference; lastKnownFileType = sourcecode.swift; path = MemeMe.swift; sourceTree = "<group>"; };
/* End PBXFileReference section */

/* Begin PBXFrameworksBuildPhase section */
		D2A5A3812429495A00ED6C18 /* Frameworks */ = {
			isa = PBXFrameworksBuildPhase;
			buildActionMask = 2147483647;
			files = (
			);
			runOnlyForDeploymentPostprocessing = 0;
		};
/* End PBXFrameworksBuildPhase section */

/* Begin PBXGroup section */
		D2A5A37B2429495A00ED6C18 = {
			isa = PBXGroup;
			children = (
				D2A5A3862429495A00ED6C18 /* Mememe 1.0 */,
				D2A5A3852429495A00ED6C18 /* Products */,
			);
			sourceTree = "<group>";
		};
		D2A5A3852429495A00ED6C18 /* Products */ = {
			isa = PBXGroup;
			children = (
				D2A5A3842429495A00ED6C18 /* Mememe 1.0.app */,
			);
			name = Products;
			sourceTree = "<group>";
		};
		D2A5A3862429495A00ED6C18 /* Mememe 1.0 */ = {
			isa = PBXGroup;
			children = (
				D27073F72434A987005206BE /* impact.ttf */,
				D2A5A3872429495A00ED6C18 /* AppDelegate.swift */,
				D2A5A3892429495A00ED6C18 /* SceneDelegate.swift */,
				D2A5A38B2429495A00ED6C18 /* ViewController.swift */,
				D2A5A38D2429495A00ED6C18 /* Main.storyboard */,
				D2A5A3902429495C00ED6C18 /* Assets.xcassets */,
				D2A5A3922429495C00ED6C18 /* LaunchScreen.storyboard */,
				D2A5A3952429495C00ED6C18 /* Info.plist */,
				D2A5A39B242A898500ED6C18 /* MemeMe.swift */,
			);
			path = "Mememe 1.0";
			sourceTree = "<group>";
		};
/* End PBXGroup section */

/* Begin PBXNativeTarget section */
		D2A5A3832429495A00ED6C18 /* Mememe 1.0 */ = {
			isa = PBXNativeTarget;
			buildConfigurationList = D2A5A3982429495C00ED6C18 /* Build configuration list for PBXNativeTarget "Mememe 1.0" */;
			buildPhases = (
				D2A5A3802429495A00ED6C18 /* Sources */,
				D2A5A3812429495A00ED6C18 /* Frameworks */,
				D2A5A3822429495A00ED6C18 /* Resources */,
			);
			buildRules = (
			);
			dependencies = (
			);
			name = "Mememe 1.0";
			productName = "Mememe 1.0";
			productReference = D2A5A3842429495A00ED6C18 /* Mememe 1.0.app */;
			productType = "com.apple.product-type.application";
		};
/* End PBXNativeTarget section */

/* Begin PBXProject section */
		D2A5A37C2429495A00ED6C18 /* Project object */ = {
			isa = PBXProject;
			attributes = {
				LastSwiftUpdateCheck = 1130;
				LastUpgradeCheck = 1130;
				ORGANIZATIONNAME = "Sayali Joshi";
				TargetAttributes = {
					D2A5A3832429495A00ED6C18 = {
						CreatedOnToolsVersion = 11.3.1;
					};
				};
			};
			buildConfigurationList = D2A5A37F2429495A00ED6C18 /* Build configuration list for PBXProject "Mememe 1.0" */;
			compatibilityVersion = "Xcode 9.3";
			developmentRegion = en;
			hasScannedForEncodings = 0;
			knownRegions = (
				en,
				Base,
			);
			mainGroup = D2A5A37B2429495A00ED6C18;
			productRefGroup = D2A5A3852429495A00ED6C18 /* Products */;
			projectDirPath = "";
			projectRoot = "";
			targets = (
				D2A5A3832429495A00ED6C18 /* Mememe 1.0 */,
			);
		};
/* End PBXProject section */

/* Begin PBXResourcesBuildPhase section */
		D2A5A3822429495A00ED6C18 /* Resources */ = {
			isa = PBXResourcesBuildPhase;
			buildActionMask = 2147483647;
			files = (
				D27073F82434A987005206BE /* impact.ttf in Resources */,
				D2A5A3942429495C00ED6C18 /* LaunchScreen.storyboard in Resources */,
				D2A5A3912429495C00ED6C18 /* Assets.xcassets in Resources */,
				D2A5A38F2429495A00ED6C18 /* Main.storyboard in Resources */,
			);
			runOnlyForDeploymentPostprocessing = 0;
		};
/* End PBXResourcesBuildPhase section */

/* Begin PBXSourcesBuildPhase section */
		D2A5A3802429495A00ED6C18 /* Sources */ = {
			isa = PBXSourcesBuildPhase;
			buildActionMask = 2147483647;
			files = (
				D2A5A38C2429495A00ED6C18 /* ViewController.swift in Sources */,
				D2A5A39C242A898500ED6C18 /* MemeMe.swift in Sources */,
				D2A5A3882429495A00ED6C18 /* AppDelegate.swift in Sources */,
				D2A5A38A2429495A00ED6C18 /* SceneDelegate.swift in Sources */,
			);
			runOnlyForDeploymentPostprocessing = 0;
		};
/* End PBXSourcesBuildPhase section */

/* Begin PBXVariantGroup section */
		D2A5A38D2429495A00ED6C18 /* Main.storyboard */ = {
			isa = PBXVariantGroup;
			children = (
				D2A5A38E2429495A00ED6C18 /* Base */,
			);
			name = Main.storyboard;
			sourceTree = "<group>";
		};
		D2A5A3922429495C00ED6C18 /* LaunchScreen.storyboard */ = {
			isa = PBXVariantGroup;
			children = (
				D2A5A3932429495C00ED6C18 /* Base */,
			);
			name = LaunchScreen.storyboard;
			sourceTree = "<group>";
		};
/* End PBXVariantGroup section */

/* Begin XCBuildConfiguration section */
		D2A5A3962429495C00ED6C18 /* Debug */ = {
			isa = XCBuildConfiguration;
			buildSettings = {
				ALWAYS_SEARCH_USER_PATHS = NO;
				CLANG_ANALYZER_NONNULL = YES;
				CLANG_ANALYZER_NUMBER_OBJECT_CONVERSION = YES_AGGRESSIVE;
				CLANG_CXX_LANGUAGE_STANDARD = "gnu++14";
				CLANG_CXX_LIBRARY = "libc++";
				CLANG_ENABLE_MODULES = YES;
				CLANG_ENABLE_OBJC_ARC = YES;
				CLANG_ENABLE_OBJC_WEAK = YES;
				CLANG_WARN_BLOCK_CAPTURE_AUTORELEASING = YES;
				CLANG_WARN_BOOL_CONVERSION = YES;
				CLANG_WARN_COMMA = YES;
				CLANG_WARN_CONSTANT_CONVERSION = YES;
				CLANG_WARN_DEPRECATED_OBJC_IMPLEMENTATIONS = YES;
				CLANG_WARN_DIRECT_OBJC_ISA_USAGE = YES_ERROR;
				CLANG_WARN_DOCUMENTATION_COMMENTS = YES;
				CLANG_WARN_EMPTY_BODY = YES;
				CLANG_WARN_ENUM_CONVERSION = YES;
				CLANG_WARN_INFINITE_RECURSION = YES;
				CLANG_WARN_INT_CONVERSION = YES;
				CLANG_WARN_NON_LITERAL_NULL_CONVERSION = YES;
				CLANG_WARN_OBJC_IMPLICIT_RETAIN_SELF = YES;
				CLANG_WARN_OBJC_LITERAL_CONVERSION = YES;
				CLANG_WARN_OBJC_ROOT_CLASS = YES_ERROR;
				CLANG_WARN_RANGE_LOOP_ANALYSIS = YES;
				CLANG_WARN_STRICT_PROTOTYPES = YES;
				CLANG_WARN_SUSPICIOUS_MOVE = YES;
				CLANG_WARN_UNGUARDED_AVAILABILITY = YES_AGGRESSIVE;
				CLANG_WARN_UNREACHABLE_CODE = YES;
				CLANG_WARN__DUPLICATE_METHOD_MATCH = YES;
				COPY_PHASE_STRIP = NO;
				DEBUG_INFORMATION_FORMAT = dwarf;
				ENABLE_STRICT_OBJC_MSGSEND = YES;
				ENABLE_TESTABILITY = YES;
				GCC_C_LANGUAGE_STANDARD = gnu11;
				GCC_DYNAMIC_NO_PIC = NO;
				GCC_NO_COMMON_BLOCKS = YES;
				GCC_OPTIMIZATION_LEVEL = 0;
				GCC_PREPROCESSOR_DEFINITIONS = (
					"DEBUG=1",
					"$(inherited)",
				);
				GCC_WARN_64_TO_32_BIT_CONVERSION = YES;
				GCC_WARN_ABOUT_RETURN_TYPE = YES_ERROR;
				GCC_WARN_UNDECLARED_SELECTOR = YES;
				GCC_WARN_UNINITIALIZED_AUTOS = YES_AGGRESSIVE;
				GCC_WARN_UNUSED_FUNCTION = YES;
				GCC_WARN_UNUSED_VARIABLE = YES;
				IPHONEOS_DEPLOYMENT_TARGET = 13.2;
				MTL_ENABLE_DEBUG_INFO = INCLUDE_SOURCE;
				MTL_FAST_MATH = YES;
				ONLY_ACTIVE_ARCH = YES;
				SDKROOT = iphoneos;
				SWIFT_ACTIVE_COMPILATION_CONDITIONS = DEBUG;
				SWIFT_OPTIMIZATION_LEVEL = "-Onone";
			};
			name = Debug;
		};
		D2A5A3972429495C00ED6C18 /* Release */ = {
			isa = XCBuildConfiguration;
			buildSettings = {
				ALWAYS_SEARCH_USER_PATHS = NO;
				CLANG_ANALYZER_NONNULL = YES;
				CLANG_ANALYZER_NUMBER_OBJECT_CONVERSION = YES_AGGRESSIVE;
				CLANG_CXX_LANGUAGE_STANDARD = "gnu++14";
				CLANG_CXX_LIBRARY = "libc++";
				CLANG_ENABLE_MODULES = YES;
				CLANG_ENABLE_OBJC_ARC = YES;
				CLANG_ENABLE_OBJC_WEAK = YES;
				CLANG_WARN_BLOCK_CAPTURE_AUTORELEASING = YES;
				CLANG_WARN_BOOL_CONVERSION = YES;
				CLANG_WARN_COMMA = YES;
				CLANG_WARN_CONSTANT_CONVERSION = YES;
				CLANG_WARN_DEPRECATED_OBJC_IMPLEMENTATIONS = YES;
				CLANG_WARN_DIRECT_OBJC_ISA_USAGE = YES_ERROR;
				CLANG_WARN_DOCUMENTATION_COMMENTS = YES;
				CLANG_WARN_EMPTY_BODY = YES;
				CLANG_WARN_ENUM_CONVERSION = YES;
				CLANG_WARN_INFINITE_RECURSION = YES;
				CLANG_WARN_INT_CONVERSION = YES;
				CLANG_WARN_NON_LITERAL_NULL_CONVERSION = YES;
				CLANG_WARN_OBJC_IMPLICIT_RETAIN_SELF = YES;
				CLANG_WARN_OBJC_LITERAL_CONVERSION = YES;
				CLANG_WARN_OBJC_ROOT_CLASS = YES_ERROR;
				CLANG_WARN_RANGE_LOOP_ANALYSIS = YES;
				CLANG_WARN_STRICT_PROTOTYPES = YES;
				CLANG_WARN_SUSPICIOUS_MOVE = YES;
				CLANG_WARN_UNGUARDED_AVAILABILITY = YES_AGGRESSIVE;
				CLANG_WARN_UNREACHABLE_CODE = YES;
				CLANG_WARN__DUPLICATE_METHOD_MATCH = YES;
				COPY_PHASE_STRIP = NO;
				DEBUG_INFORMATION_FORMAT = "dwarf-with-dsym";
				ENABLE_NS_ASSERTIONS = NO;
				ENABLE_STRICT_OBJC_MSGSEND = YES;
				GCC_C_LANGUAGE_STANDARD = gnu11;
				GCC_NO_COMMON_BLOCKS = YES;
				GCC_WARN_64_TO_32_BIT_CONVERSION = YES;
				GCC_WARN_ABOUT_RETURN_TYPE = YES_ERROR;
				GCC_WARN_UNDECLARED_SELECTOR = YES;
				GCC_WARN_UNINITIALIZED_AUTOS = YES_AGGRESSIVE;
				GCC_WARN_UNUSED_FUNCTION = YES;
				GCC_WARN_UNUSED_VARIABLE = YES;
				IPHONEOS_DEPLOYMENT_TARGET = 13.2;
				MTL_ENABLE_DEBUG_INFO = NO;
				MTL_FAST_MATH = YES;
				SDKROOT = iphoneos;
				SWIFT_COMPILATION_MODE = wholemodule;
				SWIFT_OPTIMIZATION_LEVEL = "-O";
				VALIDATE_PRODUCT = YES;
			};
			name = Release;
		};
		D2A5A3992429495C00ED6C18 /* Debug */ = {
			isa = XCBuildConfiguration;
			buildSettings = {
				ASSETCATALOG_COMPILER_APPICON_NAME = AppIcon;
				CODE_SIGN_STYLE = Automatic;
				DEVELOPMENT_TEAM = A6Z9PHWB6X;
				INFOPLIST_FILE = "Mememe 1.0/Info.plist";
				LD_RUNPATH_SEARCH_PATHS = (
					"$(inherited)",
					"@executable_path/Frameworks",
				);
				PRODUCT_BUNDLE_IDENTIFIER = "org.sy.Mememe-1-0";
				PRODUCT_NAME = "$(TARGET_NAME)";
				SWIFT_VERSION = 5.0;
				TARGETED_DEVICE_FAMILY = "1,2";
			};
			name = Debug;
		};
		D2A5A39A2429495C00ED6C18 /* Release */ = {
			isa = XCBuildConfiguration;
			buildSettings = {
				ASSETCATALOG_COMPILER_APPICON_NAME = AppIcon;
				CODE_SIGN_STYLE = Automatic;
				DEVELOPMENT_TEAM = A6Z9PHWB6X;
				INFOPLIST_FILE = "Mememe 1.0/Info.plist";
				LD_RUNPATH_SEARCH_PATHS = (
					"$(inherited)",
					"@executable_path/Frameworks",
				);
				PRODUCT_BUNDLE_IDENTIFIER = "org.sy.Mememe-1-0";
				PRODUCT_NAME = "$(TARGET_NAME)";
				SWIFT_VERSION = 5.0;
				TARGETED_DEVICE_FAMILY = "1,2";
			};
			name = Release;
		};
/* End XCBuildConfiguration section */

/* Begin XCConfigurationList section */
		D2A5A37F2429495A00ED6C18 /* Build configuration list for PBXProject "Mememe 1.0" */ = {
			isa = XCConfigurationList;
			buildConfigurations = (
				D2A5A3962429495C00ED6C18 /* Debug */,
				D2A5A3972429495C00ED6C18 /* Release */,
			);
			defaultConfigurationIsVisible = 0;
			defaultConfigurationName = Release;
		};
		D2A5A3982429495C00ED6C18 /* Build configuration list for PBXNativeTarget "Mememe 1.0" */ = {
			isa = XCConfigurationList;
			buildConfigurations = (
				D2A5A3992429495C00ED6C18 /* Debug */,
				D2A5A39A2429495C00ED6C18 /* Release */,
			);
			defaultConfigurationIsVisible = 0;
			defaultConfigurationName = Release;
		};
/* End XCConfigurationList section */
	};
	rootObject = D2A5A37C2429495A00ED6C18 /* Project object */;
}
